version = 1
revision = 3
requires-python = ">=3.13"

[[package]]
name = "dendropy"
version = "5.0.8"
source = { registry = "https://pypi.org/simple" }
dependencies = [
    { name = "setuptools" },
]
sdist = { url = "https://files.pythonhosted.org/packages/76/e4/ea83865a284c81e58d55936578dbfaa012afd7a791a75e1105c46e928f1d/DendroPy-5.0.8.tar.gz", hash = "sha256:1aa901399dc588d56f155930992dd03549f5d8e617ae09a65686bbda98b6ace3", size = 398493, upload-time = "2025-06-04T01:44:28.767Z" }
wheels = [
    { url = "https://files.pythonhosted.org/packages/29/3d/d93dfd44e8615b39fab0b939bc7d8030021c092bffb3cc3c50580e75fc8f/DendroPy-5.0.8-py3-none-any.whl", hash = "sha256:6fa3fe71c67cf71d262cf33f12395735de9cd439852d0bd2d229c19df89a2992", size = 465072, upload-time = "2025-06-04T01:44:27.069Z" },
]

[[package]]
name = "scripts"
version = "0.1.0"
source = { virtual = "." }
dependencies = [
    { name = "dendropy" },
]

[package.metadata]
requires-dist = [{ name = "dendropy", specifier = ">=5.0.8" }]

[[package]]
name = "setuptools"
version = "82.0.0"
source = { registry = "https://pypi.org/simple" }
sdist = { url = "https://files.pythonhosted.org/packages/82/f3/748f4d6f65d1756b9ae577f329c951cda23fb900e4de9f70900ced962085/setuptools-82.0.0.tar.gz", hash = "sha256:22e0a2d69474c6ae4feb01951cb69d515ed23728cf96d05513d36e42b62b37cb", size = 1144893, upload-time = "2026-02-08T15:08:40.206Z" }
wheels = [
    { url = "https://files.pythonhosted.org/packages/e1/c6/76dc613121b793286a3f91621d7b75a2b493e0390ddca50f11993eadf192/setuptools-82.0.0-py3-none-any.whl", hash = "sha256:70b18734b607bd1da571d097d236cfcfacaf01de45717d59e6e04b96877532e0", size = 1003468, upload-time = "2026-02-08T15:08:38.723Z" },
]
